
Microsoft Visual Studio Solution File, Format Version 12.00
# Visual Studio Version 17
VisualStudioVersion = 17.3.32901.215
MinimumVisualStudioVersion = 10.0.40219.1
Project("{FAE04EC0-301F-11D3-BF4B-00C04F79EFBC}") = "Tablas", "Tablas\Tablas.csproj", "{23C9A83E-F830-4F1E-8EC7-5826C55DA102}"
EndProject
Global
	GlobalSection(SolutionConfigurationPlatforms) = preSolution
		Debug|Any CPU = Debug|Any CPU
		Release|Any CPU = Release|Any CPU
	EndGlobalSection
	GlobalSection(ProjectConfigurationPlatforms) = postSolution
		{23C9A83E-F830-4F1E-8EC7-5826C55DA102}.Debug|Any CPU.ActiveCfg = Debug|Any CPU
		{23C9A83E-F830-4F1E-8EC7-5826C55DA102}.Debug|Any CPU.Build.0 = Debug|Any CPU
		{23C9A83E-F830-4F1E-8EC7-5826C55DA102}.Release|Any CPU.ActiveCfg = Release|Any CPU
		{23C9A83E-F830-4F1E-8EC7-5826C55DA102}.Release|Any CPU.Build.0 = Release|Any CPU
	EndGlobalSection
	GlobalSection(SolutionProperties) = preSolution
		HideSolutionNode = FALSE
	EndGlobalSection
	GlobalSection(ExtensibilityGlobals) = postSolution
		SolutionGuid = {8F28EB38-4E9F-42C7-BB8B-7FC7D5D7C40D}
	EndGlobalSection
EndGlobal
