
Microsoft Visual Studio Solution File, Format Version 12.00
# Visual Studio Version 17
VisualStudioVersion = 17.3.32901.215
MinimumVisualStudioVersion = 10.0.40219.1
Project("{FAE04EC0-301F-11D3-BF4B-00C04F79EFBC}") = "cobro automatico", "cobro automatico\cobro automatico.csproj", "{95EEAEA6-B21D-459F-9657-1FC2812AB93F}"
EndProject
Global
	GlobalSection(SolutionConfigurationPlatforms) = preSolution
		Debug|Any CPU = Debug|Any CPU
		Release|Any CPU = Release|Any CPU
	EndGlobalSection
	GlobalSection(ProjectConfigurationPlatforms) = postSolution
		{95EEAEA6-B21D-459F-9657-1FC2812AB93F}.Debug|Any CPU.ActiveCfg = Debug|Any CPU
		{95EEAEA6-B21D-459F-9657-1FC2812AB93F}.Debug|Any CPU.Build.0 = Debug|Any CPU
		{95EEAEA6-B21D-459F-9657-1FC2812AB93F}.Release|Any CPU.ActiveCfg = Release|Any CPU
		{95EEAEA6-B21D-459F-9657-1FC2812AB93F}.Release|Any CPU.Build.0 = Release|Any CPU
	EndGlobalSection
	GlobalSection(SolutionProperties) = preSolution
		HideSolutionNode = FALSE
	EndGlobalSection
	GlobalSection(ExtensibilityGlobals) = postSolution
		SolutionGuid = {64767EE2-2C20-40FB-939A-9D42E51898C4}
	EndGlobalSection
EndGlobal
